
Microsoft Visual Studio Solution File, Format Version 12.00
# Visual Studio Version 17
VisualStudioVersion = 17.14.36414.22
MinimumVisualStudioVersion = 10.0.40219.1
Project("{FAE04EC0-301F-11D3-BF4B-00C04F79EFBC}") = "pwd", "pwd\pwd.csproj", "{A165B971-017E-44B7-BC23-533DB972D5A1}"
EndProject
Project("{FAE04EC0-301F-11D3-BF4B-00C04F79EFBC}") = "cat", "cat\cat.csproj", "{1569E1E0-2049-4A30-8B5F-7F920C99A361}"
EndProject
Project("{FAE04EC0-301F-11D3-BF4B-00C04F79EFBC}") = "echo", "echo\echo.csproj", "{EF6808D9-8357-47BF-A752-0C6D2BDCFB35}"
EndProject
Project("{FAE04EC0-301F-11D3-BF4B-00C04F79EFBC}") = "touch", "touch\touch.csproj", "{F929B904-AAB0-44C3-A5FC-62CC1A543EDE}"
EndProject
Project("{FAE04EC0-301F-11D3-BF4B-00C04F79EFBC}") = "ls", "ls\ls.csproj", "{9D38D408-7042-4440-8A55-3927F607FBD3}"
EndProject
Project("{FAE04EC0-301F-11D3-BF4B-00C04F79EFBC}") = "rm", "rm\rm.csproj", "{66620162-9E4E-49B4-86F2-98464D4270C4}"
EndProject
Project("{FAE04EC0-301F-11D3-BF4B-00C04F79EFBC}") = "CLIToolsCommon", "CLIToolsCommon\CLIToolsCommon.csproj", "{49609BD9-728A-4E2E-849D-B142D4965DD3}"
EndProject
Global
	GlobalSection(SolutionConfigurationPlatforms) = preSolution
		Debug|Any CPU = Debug|Any CPU
		Debug|x64 = Debug|x64
		Debug|x86 = Debug|x86
		Release|Any CPU = Release|Any CPU
		Release|x64 = Release|x64
		Release|x86 = Release|x86
	EndGlobalSection
	GlobalSection(ProjectConfigurationPlatforms) = postSolution
		{A165B971-017E-44B7-BC23-533DB972D5A1}.Debug|Any CPU.ActiveCfg = Debug|Any CPU
		{A165B971-017E-44B7-BC23-533DB972D5A1}.Debug|Any CPU.Build.0 = Debug|Any CPU
		{A165B971-017E-44B7-BC23-533DB972D5A1}.Debug|x64.ActiveCfg = Debug|Any CPU
		{A165B971-017E-44B7-BC23-533DB972D5A1}.Debug|x64.Build.0 = Debug|Any CPU
		{A165B971-017E-44B7-BC23-533DB972D5A1}.Debug|x86.ActiveCfg = Debug|Any CPU
		{A165B971-017E-44B7-BC23-533DB972D5A1}.Debug|x86.Build.0 = Debug|Any CPU
		{A165B971-017E-44B7-BC23-533DB972D5A1}.Release|Any CPU.ActiveCfg = Release|Any CPU
		{A165B971-017E-44B7-BC23-533DB972D5A1}.Release|Any CPU.Build.0 = Release|Any CPU
		{A165B971-017E-44B7-BC23-533DB972D5A1}.Release|x64.ActiveCfg = Release|Any CPU
		{A165B971-017E-44B7-BC23-533DB972D5A1}.Release|x64.Build.0 = Release|Any CPU
		{A165B971-017E-44B7-BC23-533DB972D5A1}.Release|x86.ActiveCfg = Release|Any CPU
		{A165B971-017E-44B7-BC23-533DB972D5A1}.Release|x86.Build.0 = Release|Any CPU
		{1569E1E0-2049-4A30-8B5F-7F920C99A361}.Debug|Any CPU.ActiveCfg = Debug|Any CPU
		{1569E1E0-2049-4A30-8B5F-7F920C99A361}.Debug|Any CPU.Build.0 = Debug|Any CPU
		{1569E1E0-2049-4A30-8B5F-7F920C99A361}.Debug|x64.ActiveCfg = Debug|Any CPU
		{1569E1E0-2049-4A30-8B5F-7F920C99A361}.Debug|x64.Build.0 = Debug|Any CPU
		{1569E1E0-2049-4A30-8B5F-7F920C99A361}.Debug|x86.ActiveCfg = Debug|Any CPU
		{1569E1E0-2049-4A30-8B5F-7F920C99A361}.Debug|x86.Build.0 = Debug|Any CPU
		{1569E1E0-2049-4A30-8B5F-7F920C99A361}.Release|Any CPU.ActiveCfg = Release|Any CPU
		{1569E1E0-2049-4A30-8B5F-7F920C99A361}.Release|Any CPU.Build.0 = Release|Any CPU
		{1569E1E0-2049-4A30-8B5F-7F920C99A361}.Release|x64.ActiveCfg = Release|Any CPU
		{1569E1E0-2049-4A30-8B5F-7F920C99A361}.Release|x64.Build.0 = Release|Any CPU
		{1569E1E0-2049-4A30-8B5F-7F920C99A361}.Release|x86.ActiveCfg = Release|Any CPU
		{1569E1E0-2049-4A30-8B5F-7F920C99A361}.Release|x86.Build.0 = Release|Any CPU
		{EF6808D9-8357-47BF-A752-0C6D2BDCFB35}.Debug|Any CPU.ActiveCfg = Debug|Any CPU
		{EF6808D9-8357-47BF-A752-0C6D2BDCFB35}.Debug|Any CPU.Build.0 = Debug|Any CPU
		{EF6808D9-8357-47BF-A752-0C6D2BDCFB35}.Debug|x64.ActiveCfg = Debug|Any CPU
		{EF6808D9-8357-47BF-A752-0C6D2BDCFB35}.Debug|x64.Build.0 = Debug|Any CPU
		{EF6808D9-8357-47BF-A752-0C6D2BDCFB35}.Debug|x86.ActiveCfg = Debug|Any CPU
		{EF6808D9-8357-47BF-A752-0C6D2BDCFB35}.Debug|x86.Build.0 = Debug|Any CPU
		{EF6808D9-8357-47BF-A752-0C6D2BDCFB35}.Release|Any CPU.ActiveCfg = Release|Any CPU
		{EF6808D9-8357-47BF-A752-0C6D2BDCFB35}.Release|Any CPU.Build.0 = Release|Any CPU
		{EF6808D9-8357-47BF-A752-0C6D2BDCFB35}.Release|x64.ActiveCfg = Release|Any CPU
		{EF6808D9-8357-47BF-A752-0C6D2BDCFB35}.Release|x64.Build.0 = Release|Any CPU
		{EF6808D9-8357-47BF-A752-0C6D2BDCFB35}.Release|x86.ActiveCfg = Release|Any CPU
		{EF6808D9-8357-47BF-A752-0C6D2BDCFB35}.Release|x86.Build.0 = Release|Any CPU
		{F929B904-AAB0-44C3-A5FC-62CC1A543EDE}.Debug|Any CPU.ActiveCfg = Debug|Any CPU
		{F929B904-AAB0-44C3-A5FC-62CC1A543EDE}.Debug|Any CPU.Build.0 = Debug|Any CPU
		{F929B904-AAB0-44C3-A5FC-62CC1A543EDE}.Debug|x64.ActiveCfg = Debug|Any CPU
		{F929B904-AAB0-44C3-A5FC-62CC1A543EDE}.Debug|x64.Build.0 = Debug|Any CPU
		{F929B904-AAB0-44C3-A5FC-62CC1A543EDE}.Debug|x86.ActiveCfg = Debug|Any CPU
		{F929B904-AAB0-44C3-A5FC-62CC1A543EDE}.Debug|x86.Build.0 = Debug|Any CPU
		{F929B904-AAB0-44C3-A5FC-62CC1A543EDE}.Release|Any CPU.ActiveCfg = Release|Any CPU
		{F929B904-AAB0-44C3-A5FC-62CC1A543EDE}.Release|Any CPU.Build.0 = Release|Any CPU
		{F929B904-AAB0-44C3-A5FC-62CC1A543EDE}.Release|x64.ActiveCfg = Release|Any CPU
		{F929B904-AAB0-44C3-A5FC-62CC1A543EDE}.Release|x64.Build.0 = Release|Any CPU
		{F929B904-AAB0-44C3-A5FC-62CC1A543EDE}.Release|x86.ActiveCfg = Release|Any CPU
		{F929B904-AAB0-44C3-A5FC-62CC1A543EDE}.Release|x86.Build.0 = Release|Any CPU
		{9D38D408-7042-4440-8A55-3927F607FBD3}.Debug|Any CPU.ActiveCfg = Debug|Any CPU
		{9D38D408-7042-4440-8A55-3927F607FBD3}.Debug|Any CPU.Build.0 = Debug|Any CPU
		{9D38D408-7042-4440-8A55-3927F607FBD3}.Debug|x64.ActiveCfg = Debug|Any CPU
		{9D38D408-7042-4440-8A55-3927F607FBD3}.Debug|x64.Build.0 = Debug|Any CPU
		{9D38D408-7042-4440-8A55-3927F607FBD3}.Debug|x86.ActiveCfg = Debug|Any CPU
		{9D38D408-7042-4440-8A55-3927F607FBD3}.Debug|x86.Build.0 = Debug|Any CPU
		{9D38D408-7042-4440-8A55-3927F607FBD3}.Release|Any CPU.ActiveCfg = Release|Any CPU
		{9D38D408-7042-4440-8A55-3927F607FBD3}.Release|Any CPU.Build.0 = Release|Any CPU
		{9D38D408-7042-4440-8A55-3927F607FBD3}.Release|x64.ActiveCfg = Release|Any CPU
		{9D38D408-7042-4440-8A55-3927F607FBD3}.Release|x64.Build.0 = Release|Any CPU
		{9D38D408-7042-4440-8A55-3927F607FBD3}.Release|x86.ActiveCfg = Release|Any CPU
		{9D38D408-7042-4440-8A55-3927F607FBD3}.Release|x86.Build.0 = Release|Any CPU
		{66620162-9E4E-49B4-86F2-98464D4270C4}.Debug|Any CPU.ActiveCfg = Debug|Any CPU
		{66620162-9E4E-49B4-86F2-98464D4270C4}.Debug|Any CPU.Build.0 = Debug|Any CPU
		{66620162-9E4E-49B4-86F2-98464D4270C4}.Debug|x64.ActiveCfg = Debug|Any CPU
		{66620162-9E4E-49B4-86F2-98464D4270C4}.Debug|x64.Build.0 = Debug|Any CPU
		{66620162-9E4E-49B4-86F2-98464D4270C4}.Debug|x86.ActiveCfg = Debug|Any CPU
		{66620162-9E4E-49B4-86F2-98464D4270C4}.Debug|x86.Build.0 = Debug|Any CPU
		{66620162-9E4E-49B4-86F2-98464D4270C4}.Release|Any CPU.ActiveCfg = Release|Any CPU
		{66620162-9E4E-49B4-86F2-98464D4270C4}.Release|Any CPU.Build.0 = Release|Any CPU
		{66620162-9E4E-49B4-86F2-98464D4270C4}.Release|x64.ActiveCfg = Release|Any CPU
		{66620162-9E4E-49B4-86F2-98464D4270C4}.Release|x64.Build.0 = Release|Any CPU
		{66620162-9E4E-49B4-86F2-98464D4270C4}.Release|x86.ActiveCfg = Release|Any CPU
		{66620162-9E4E-49B4-86F2-98464D4270C4}.Release|x86.Build.0 = Release|Any CPU
		{49609BD9-728A-4E2E-849D-B142D4965DD3}.Debug|Any CPU.ActiveCfg = Debug|Any CPU
		{49609BD9-728A-4E2E-849D-B142D4965DD3}.Debug|Any CPU.Build.0 = Debug|Any CPU
		{49609BD9-728A-4E2E-849D-B142D4965DD3}.Debug|x64.ActiveCfg = Debug|Any CPU
		{49609BD9-728A-4E2E-849D-B142D4965DD3}.Debug|x64.Build.0 = Debug|Any CPU
		{49609BD9-728A-4E2E-849D-B142D4965DD3}.Debug|x86.ActiveCfg = Debug|Any CPU
		{49609BD9-728A-4E2E-849D-B142D4965DD3}.Debug|x86.Build.0 = Debug|Any CPU
		{49609BD9-728A-4E2E-849D-B142D4965DD3}.Release|Any CPU.ActiveCfg = Release|Any CPU
		{49609BD9-728A-4E2E-849D-B142D4965DD3}.Release|Any CPU.Build.0 = Release|Any CPU
		{49609BD9-728A-4E2E-849D-B142D4965DD3}.Release|x64.ActiveCfg = Release|Any CPU
		{49609BD9-728A-4E2E-849D-B142D4965DD3}.Release|x64.Build.0 = Release|Any CPU
		{49609BD9-728A-4E2E-849D-B142D4965DD3}.Release|x86.ActiveCfg = Release|Any CPU
		{49609BD9-728A-4E2E-849D-B142D4965DD3}.Release|x86.Build.0 = Release|Any CPU
	EndGlobalSection
	GlobalSection(SolutionProperties) = preSolution
		HideSolutionNode = FALSE
	EndGlobalSection
	GlobalSection(ExtensibilityGlobals) = postSolution
		SolutionGuid = {98320F4D-6BA9-4B98-91C4-C7371109862E}
	EndGlobalSection
EndGlobal
